
Microsoft Visual Studio Solution File, Format Version 12.00
# Visual Studio Version 16
VisualStudioVersion = 16.0.29926.136
MinimumVisualStudioVersion = 10.0.40219.1
Project("{2150E333-8FDC-42A3-9474-1A3956D46DE8}") = "Term-2", "Term-2", "{0B79E73C-6174-4303-A02A-4A564DEB05EF}"
EndProject
Project("{FAE04EC0-301F-11D3-BF4B-00C04F79EFBC}") = "Week_6_Assignment_1", "Week_6_Assignment_1\Week_6_Assignment_1.csproj", "{A357D36B-5881-4D11-9304-176368D3030D}"
EndProject
Project("{FAE04EC0-301F-11D3-BF4B-00C04F79EFBC}") = "Week_5_Assignment_4", "Week_5_Assignment_4\Week_5_Assignment_4.csproj", "{DBE80CD3-8233-4BF3-9196-29DC9180EBA8}"
EndProject
Project("{FAE04EC0-301F-11D3-BF4B-00C04F79EFBC}") = "Week_5_Assignment_3", "Week_5_Assignment_3\Week_5_Assignment_3.csproj", "{DFB5491B-B981-4ECA-9022-35276B338346}"
EndProject
Project("{FAE04EC0-301F-11D3-BF4B-00C04F79EFBC}") = "Week_5_Assignment_1", "Week_5_Assignment_2\Week_5_Assignment_1.csproj", "{456A8F26-38BF-4786-B220-F7D441CAB09C}"
EndProject
Project("{FAE04EC0-301F-11D3-BF4B-00C04F79EFBC}") = "Week_4_Assignment_4", "Week_4_Assignment_4\Week_4_Assignment_4.csproj", "{9C9DD518-9BA1-4E01-8815-81050ABE885B}"
EndProject
Project("{FAE04EC0-301F-11D3-BF4B-00C04F79EFBC}") = "Week_4_Assignment_3", "Week_4_Assignment_3\Week_4_Assignment_3.csproj", "{60332370-68D3-4DE2-A857-AE82E99E6B36}"
EndProject
Project("{FAE04EC0-301F-11D3-BF4B-00C04F79EFBC}") = "Week_4_Assignment_2", "Week_4_Assignment_2\Week_4_Assignment_2.csproj", "{94FA31F6-4044-4D88-BC1A-D3765A8AF231}"
EndProject
Project("{FAE04EC0-301F-11D3-BF4B-00C04F79EFBC}") = "Week_4_Assignment_1", "Week_4_Assignment_1\Week_4_Assignment_1.csproj", "{D983F900-9921-4442-9653-54311DF6127A}"
EndProject
Project("{FAE04EC0-301F-11D3-BF4B-00C04F79EFBC}") = "Week_3_Assignment_2_Copy", "Week_3_Assignment_2\Week_3_Assignment_2_Copy.csproj", "{7CA9E080-79AD-42E4-8EF8-0F700DDB5FAD}"
EndProject
Project("{FAE04EC0-301F-11D3-BF4B-00C04F79EFBC}") = "Week_3_Assignment_1", "Week_3_Assignment_1\Week_3_Assignment_1.csproj", "{22C27050-E77A-422F-BC20-EB52807ABE4E}"
EndProject
Project("{FAE04EC0-301F-11D3-BF4B-00C04F79EFBC}") = "Week_2_Assignment_3", "Week_2_Assignment_3\Week_2_Assignment_3.csproj", "{B73D6D38-76C1-4794-8FE9-0BE197FFBFA5}"
EndProject
Project("{FAE04EC0-301F-11D3-BF4B-00C04F79EFBC}") = "Week_2_Assignment_2", "Week_2_Assignment_2\Week_2_Assignment_2.csproj", "{93146770-2FEB-4299-975A-8CF0F0563DEE}"
EndProject
Project("{FAE04EC0-301F-11D3-BF4B-00C04F79EFBC}") = "Week_2_Assignment_1", "Week_2_Assignment_1\Week_2_Assignment_1.csproj", "{BF01817E-D2E3-477D-89B2-7BFA57016A06}"
EndProject
Project("{FAE04EC0-301F-11D3-BF4B-00C04F79EFBC}") = "Week_1_Assignment_3", "Week_1_Assignment_3\Week_1_Assignment_3.csproj", "{BA3CCF38-8E9D-4D84-81C4-6DB032E3EAB2}"
EndProject
Project("{FAE04EC0-301F-11D3-BF4B-00C04F79EFBC}") = "Week_1_Assignment_2", "Week_1_Assignment_2\Week_1_Assignment_2.csproj", "{FEEBB278-93CE-4B98-9D3C-0DBFC577D16E}"
EndProject
Project("{FAE04EC0-301F-11D3-BF4B-00C04F79EFBC}") = "Week_1_Assignment_1", "Week_1_Assignment_1\Week_1_Assignment_1.csproj", "{FFD627F7-22DB-4B73-854F-FE810177D68E}"
EndProject
Project("{FAE04EC0-301F-11D3-BF4B-00C04F79EFBC}") = "Week_1_Assignment_0", "Week_1_Assignment_0\Week_1_Assignment_0.csproj", "{DB1B23E7-6F8E-4F82-BCA1-2B35A36BC92D}"
EndProject
Project("{FAE04EC0-301F-11D3-BF4B-00C04F79EFBC}") = "MyToolsApplication", "MyToolsApplication\MyToolsApplication.csproj", "{7AA829D5-818C-4F4C-80D3-226C1E98F441}"
EndProject
Project("{FAE04EC0-301F-11D3-BF4B-00C04F79EFBC}") = "MyTools", "MyTools\MyTools.csproj", "{C64721EB-9CC7-46E7-A380-84F5E187433B}"
EndProject
Project("{FAE04EC0-301F-11D3-BF4B-00C04F79EFBC}") = "CandyCrushLogic", "CandyCrushLogic\CandyCrushLogic.csproj", "{44ADC828-422D-48BB-A9E6-E93C559A2856}"
EndProject
Project("{FAE04EC0-301F-11D3-BF4B-00C04F79EFBC}") = "Assessment3", "Assessment3\Assessment3.csproj", "{FFD5BAF1-E0CB-4F16-B8F8-C58634EEFD54}"
EndProject
Project("{FAE04EC0-301F-11D3-BF4B-00C04F79EFBC}") = "Assessment2", "Assessment2\Assessment2.csproj", "{AC4684B4-F002-4DC4-9424-3345F179FBDA}"
EndProject
Project("{FAE04EC0-301F-11D3-BF4B-00C04F79EFBC}") = "Assessment1", "Assessment1\Assessment1.csproj", "{D658D10A-9EF9-482F-98D5-B2119B8FD5A9}"
EndProject
Global
	GlobalSection(SolutionConfigurationPlatforms) = preSolution
		Debug|Any CPU = Debug|Any CPU
		Release|Any CPU = Release|Any CPU
	EndGlobalSection
	GlobalSection(ProjectConfigurationPlatforms) = postSolution
		{A357D36B-5881-4D11-9304-176368D3030D}.Debug|Any CPU.ActiveCfg = Debug|Any CPU
		{A357D36B-5881-4D11-9304-176368D3030D}.Debug|Any CPU.Build.0 = Debug|Any CPU
		{A357D36B-5881-4D11-9304-176368D3030D}.Release|Any CPU.ActiveCfg = Release|Any CPU
		{A357D36B-5881-4D11-9304-176368D3030D}.Release|Any CPU.Build.0 = Release|Any CPU
		{DBE80CD3-8233-4BF3-9196-29DC9180EBA8}.Debug|Any CPU.ActiveCfg = Debug|Any CPU
		{DBE80CD3-8233-4BF3-9196-29DC9180EBA8}.Debug|Any CPU.Build.0 = Debug|Any CPU
		{DBE80CD3-8233-4BF3-9196-29DC9180EBA8}.Release|Any CPU.ActiveCfg = Release|Any CPU
		{DBE80CD3-8233-4BF3-9196-29DC9180EBA8}.Release|Any CPU.Build.0 = Release|Any CPU
		{DFB5491B-B981-4ECA-9022-35276B338346}.Debug|Any CPU.ActiveCfg = Debug|Any CPU
		{DFB5491B-B981-4ECA-9022-35276B338346}.Debug|Any CPU.Build.0 = Debug|Any CPU
		{DFB5491B-B981-4ECA-9022-35276B338346}.Release|Any CPU.ActiveCfg = Release|Any CPU
		{DFB5491B-B981-4ECA-9022-35276B338346}.Release|Any CPU.Build.0 = Release|Any CPU
		{456A8F26-38BF-4786-B220-F7D441CAB09C}.Debug|Any CPU.ActiveCfg = Debug|Any CPU
		{456A8F26-38BF-4786-B220-F7D441CAB09C}.Debug|Any CPU.Build.0 = Debug|Any CPU
		{456A8F26-38BF-4786-B220-F7D441CAB09C}.Release|Any CPU.ActiveCfg = Release|Any CPU
		{456A8F26-38BF-4786-B220-F7D441CAB09C}.Release|Any CPU.Build.0 = Release|Any CPU
		{9C9DD518-9BA1-4E01-8815-81050ABE885B}.Debug|Any CPU.ActiveCfg = Debug|Any CPU
		{9C9DD518-9BA1-4E01-8815-81050ABE885B}.Debug|Any CPU.Build.0 = Debug|Any CPU
		{9C9DD518-9BA1-4E01-8815-81050ABE885B}.Release|Any CPU.ActiveCfg = Release|Any CPU
		{9C9DD518-9BA1-4E01-8815-81050ABE885B}.Release|Any CPU.Build.0 = Release|Any CPU
		{60332370-68D3-4DE2-A857-AE82E99E6B36}.Debug|Any CPU.ActiveCfg = Debug|Any CPU
		{60332370-68D3-4DE2-A857-AE82E99E6B36}.Debug|Any CPU.Build.0 = Debug|Any CPU
		{60332370-68D3-4DE2-A857-AE82E99E6B36}.Release|Any CPU.ActiveCfg = Release|Any CPU
		{60332370-68D3-4DE2-A857-AE82E99E6B36}.Release|Any CPU.Build.0 = Release|Any CPU
		{94FA31F6-4044-4D88-BC1A-D3765A8AF231}.Debug|Any CPU.ActiveCfg = Debug|Any CPU
		{94FA31F6-4044-4D88-BC1A-D3765A8AF231}.Debug|Any CPU.Build.0 = Debug|Any CPU
		{94FA31F6-4044-4D88-BC1A-D3765A8AF231}.Release|Any CPU.ActiveCfg = Release|Any CPU
		{94FA31F6-4044-4D88-BC1A-D3765A8AF231}.Release|Any CPU.Build.0 = Release|Any CPU
		{D983F900-9921-4442-9653-54311DF6127A}.Debug|Any CPU.ActiveCfg = Debug|Any CPU
		{D983F900-9921-4442-9653-54311DF6127A}.Debug|Any CPU.Build.0 = Debug|Any CPU
		{D983F900-9921-4442-9653-54311DF6127A}.Release|Any CPU.ActiveCfg = Release|Any CPU
		{D983F900-9921-4442-9653-54311DF6127A}.Release|Any CPU.Build.0 = Release|Any CPU
		{7CA9E080-79AD-42E4-8EF8-0F700DDB5FAD}.Debug|Any CPU.ActiveCfg = Debug|Any CPU
		{7CA9E080-79AD-42E4-8EF8-0F700DDB5FAD}.Debug|Any CPU.Build.0 = Debug|Any CPU
		{7CA9E080-79AD-42E4-8EF8-0F700DDB5FAD}.Release|Any CPU.ActiveCfg = Release|Any CPU
		{7CA9E080-79AD-42E4-8EF8-0F700DDB5FAD}.Release|Any CPU.Build.0 = Release|Any CPU
		{22C27050-E77A-422F-BC20-EB52807ABE4E}.Debug|Any CPU.ActiveCfg = Debug|Any CPU
		{22C27050-E77A-422F-BC20-EB52807ABE4E}.Debug|Any CPU.Build.0 = Debug|Any CPU
		{22C27050-E77A-422F-BC20-EB52807ABE4E}.Release|Any CPU.ActiveCfg = Release|Any CPU
		{22C27050-E77A-422F-BC20-EB52807ABE4E}.Release|Any CPU.Build.0 = Release|Any CPU
		{B73D6D38-76C1-4794-8FE9-0BE197FFBFA5}.Debug|Any CPU.ActiveCfg = Debug|Any CPU
		{B73D6D38-76C1-4794-8FE9-0BE197FFBFA5}.Debug|Any CPU.Build.0 = Debug|Any CPU
		{B73D6D38-76C1-4794-8FE9-0BE197FFBFA5}.Release|Any CPU.ActiveCfg = Release|Any CPU
		{B73D6D38-76C1-4794-8FE9-0BE197FFBFA5}.Release|Any CPU.Build.0 = Release|Any CPU
		{93146770-2FEB-4299-975A-8CF0F0563DEE}.Debug|Any CPU.ActiveCfg = Debug|Any CPU
		{93146770-2FEB-4299-975A-8CF0F0563DEE}.Debug|Any CPU.Build.0 = Debug|Any CPU
		{93146770-2FEB-4299-975A-8CF0F0563DEE}.Release|Any CPU.ActiveCfg = Release|Any CPU
		{93146770-2FEB-4299-975A-8CF0F0563DEE}.Release|Any CPU.Build.0 = Release|Any CPU
		{BF01817E-D2E3-477D-89B2-7BFA57016A06}.Debug|Any CPU.ActiveCfg = Debug|Any CPU
		{BF01817E-D2E3-477D-89B2-7BFA57016A06}.Debug|Any CPU.Build.0 = Debug|Any CPU
		{BF01817E-D2E3-477D-89B2-7BFA57016A06}.Release|Any CPU.ActiveCfg = Release|Any CPU
		{BF01817E-D2E3-477D-89B2-7BFA57016A06}.Release|Any CPU.Build.0 = Release|Any CPU
		{BA3CCF38-8E9D-4D84-81C4-6DB032E3EAB2}.Debug|Any CPU.ActiveCfg = Debug|Any CPU
		{BA3CCF38-8E9D-4D84-81C4-6DB032E3EAB2}.Debug|Any CPU.Build.0 = Debug|Any CPU
		{BA3CCF38-8E9D-4D84-81C4-6DB032E3EAB2}.Release|Any CPU.ActiveCfg = Release|Any CPU
		{BA3CCF38-8E9D-4D84-81C4-6DB032E3EAB2}.Release|Any CPU.Build.0 = Release|Any CPU
		{FEEBB278-93CE-4B98-9D3C-0DBFC577D16E}.Debug|Any CPU.ActiveCfg = Debug|Any CPU
		{FEEBB278-93CE-4B98-9D3C-0DBFC577D16E}.Debug|Any CPU.Build.0 = Debug|Any CPU
		{FEEBB278-93CE-4B98-9D3C-0DBFC577D16E}.Release|Any CPU.ActiveCfg = Release|Any CPU
		{FEEBB278-93CE-4B98-9D3C-0DBFC577D16E}.Release|Any CPU.Build.0 = Release|Any CPU
		{FFD627F7-22DB-4B73-854F-FE810177D68E}.Debug|Any CPU.ActiveCfg = Debug|Any CPU
		{FFD627F7-22DB-4B73-854F-FE810177D68E}.Debug|Any CPU.Build.0 = Debug|Any CPU
		{FFD627F7-22DB-4B73-854F-FE810177D68E}.Release|Any CPU.ActiveCfg = Release|Any CPU
		{FFD627F7-22DB-4B73-854F-FE810177D68E}.Release|Any CPU.Build.0 = Release|Any CPU
		{DB1B23E7-6F8E-4F82-BCA1-2B35A36BC92D}.Debug|Any CPU.ActiveCfg = Debug|Any CPU
		{DB1B23E7-6F8E-4F82-BCA1-2B35A36BC92D}.Debug|Any CPU.Build.0 = Debug|Any CPU
		{DB1B23E7-6F8E-4F82-BCA1-2B35A36BC92D}.Release|Any CPU.ActiveCfg = Release|Any CPU
		{DB1B23E7-6F8E-4F82-BCA1-2B35A36BC92D}.Release|Any CPU.Build.0 = Release|Any CPU
		{7AA829D5-818C-4F4C-80D3-226C1E98F441}.Debug|Any CPU.ActiveCfg = Debug|Any CPU
		{7AA829D5-818C-4F4C-80D3-226C1E98F441}.Debug|Any CPU.Build.0 = Debug|Any CPU
		{7AA829D5-818C-4F4C-80D3-226C1E98F441}.Release|Any CPU.ActiveCfg = Release|Any CPU
		{7AA829D5-818C-4F4C-80D3-226C1E98F441}.Release|Any CPU.Build.0 = Release|Any CPU
		{C64721EB-9CC7-46E7-A380-84F5E187433B}.Debug|Any CPU.ActiveCfg = Debug|Any CPU
		{C64721EB-9CC7-46E7-A380-84F5E187433B}.Debug|Any CPU.Build.0 = Debug|Any CPU
		{C64721EB-9CC7-46E7-A380-84F5E187433B}.Release|Any CPU.ActiveCfg = Release|Any CPU
		{C64721EB-9CC7-46E7-A380-84F5E187433B}.Release|Any CPU.Build.0 = Release|Any CPU
		{44ADC828-422D-48BB-A9E6-E93C559A2856}.Debug|Any CPU.ActiveCfg = Debug|Any CPU
		{44ADC828-422D-48BB-A9E6-E93C559A2856}.Debug|Any CPU.Build.0 = Debug|Any CPU
		{44ADC828-422D-48BB-A9E6-E93C559A2856}.Release|Any CPU.ActiveCfg = Release|Any CPU
		{44ADC828-422D-48BB-A9E6-E93C559A2856}.Release|Any CPU.Build.0 = Release|Any CPU
		{FFD5BAF1-E0CB-4F16-B8F8-C58634EEFD54}.Debug|Any CPU.ActiveCfg = Debug|Any CPU
		{FFD5BAF1-E0CB-4F16-B8F8-C58634EEFD54}.Debug|Any CPU.Build.0 = Debug|Any CPU
		{FFD5BAF1-E0CB-4F16-B8F8-C58634EEFD54}.Release|Any CPU.ActiveCfg = Release|Any CPU
		{FFD5BAF1-E0CB-4F16-B8F8-C58634EEFD54}.Release|Any CPU.Build.0 = Release|Any CPU
		{AC4684B4-F002-4DC4-9424-3345F179FBDA}.Debug|Any CPU.ActiveCfg = Debug|Any CPU
		{AC4684B4-F002-4DC4-9424-3345F179FBDA}.Debug|Any CPU.Build.0 = Debug|Any CPU
		{AC4684B4-F002-4DC4-9424-3345F179FBDA}.Release|Any CPU.ActiveCfg = Release|Any CPU
		{AC4684B4-F002-4DC4-9424-3345F179FBDA}.Release|Any CPU.Build.0 = Release|Any CPU
		{D658D10A-9EF9-482F-98D5-B2119B8FD5A9}.Debug|Any CPU.ActiveCfg = Debug|Any CPU
		{D658D10A-9EF9-482F-98D5-B2119B8FD5A9}.Debug|Any CPU.Build.0 = Debug|Any CPU
		{D658D10A-9EF9-482F-98D5-B2119B8FD5A9}.Release|Any CPU.ActiveCfg = Release|Any CPU
		{D658D10A-9EF9-482F-98D5-B2119B8FD5A9}.Release|Any CPU.Build.0 = Release|Any CPU
	EndGlobalSection
	GlobalSection(SolutionProperties) = preSolution
		HideSolutionNode = FALSE
	EndGlobalSection
	GlobalSection(NestedProjects) = preSolution
		{A357D36B-5881-4D11-9304-176368D3030D} = {0B79E73C-6174-4303-A02A-4A564DEB05EF}
		{DBE80CD3-8233-4BF3-9196-29DC9180EBA8} = {0B79E73C-6174-4303-A02A-4A564DEB05EF}
		{DFB5491B-B981-4ECA-9022-35276B338346} = {0B79E73C-6174-4303-A02A-4A564DEB05EF}
		{456A8F26-38BF-4786-B220-F7D441CAB09C} = {0B79E73C-6174-4303-A02A-4A564DEB05EF}
		{9C9DD518-9BA1-4E01-8815-81050ABE885B} = {0B79E73C-6174-4303-A02A-4A564DEB05EF}
		{60332370-68D3-4DE2-A857-AE82E99E6B36} = {0B79E73C-6174-4303-A02A-4A564DEB05EF}
		{94FA31F6-4044-4D88-BC1A-D3765A8AF231} = {0B79E73C-6174-4303-A02A-4A564DEB05EF}
		{D983F900-9921-4442-9653-54311DF6127A} = {0B79E73C-6174-4303-A02A-4A564DEB05EF}
		{7CA9E080-79AD-42E4-8EF8-0F700DDB5FAD} = {0B79E73C-6174-4303-A02A-4A564DEB05EF}
		{22C27050-E77A-422F-BC20-EB52807ABE4E} = {0B79E73C-6174-4303-A02A-4A564DEB05EF}
		{B73D6D38-76C1-4794-8FE9-0BE197FFBFA5} = {0B79E73C-6174-4303-A02A-4A564DEB05EF}
		{93146770-2FEB-4299-975A-8CF0F0563DEE} = {0B79E73C-6174-4303-A02A-4A564DEB05EF}
		{BF01817E-D2E3-477D-89B2-7BFA57016A06} = {0B79E73C-6174-4303-A02A-4A564DEB05EF}
		{BA3CCF38-8E9D-4D84-81C4-6DB032E3EAB2} = {0B79E73C-6174-4303-A02A-4A564DEB05EF}
		{FEEBB278-93CE-4B98-9D3C-0DBFC577D16E} = {0B79E73C-6174-4303-A02A-4A564DEB05EF}
		{FFD627F7-22DB-4B73-854F-FE810177D68E} = {0B79E73C-6174-4303-A02A-4A564DEB05EF}
		{DB1B23E7-6F8E-4F82-BCA1-2B35A36BC92D} = {0B79E73C-6174-4303-A02A-4A564DEB05EF}
		{7AA829D5-818C-4F4C-80D3-226C1E98F441} = {0B79E73C-6174-4303-A02A-4A564DEB05EF}
		{C64721EB-9CC7-46E7-A380-84F5E187433B} = {0B79E73C-6174-4303-A02A-4A564DEB05EF}
		{44ADC828-422D-48BB-A9E6-E93C559A2856} = {0B79E73C-6174-4303-A02A-4A564DEB05EF}
		{FFD5BAF1-E0CB-4F16-B8F8-C58634EEFD54} = {0B79E73C-6174-4303-A02A-4A564DEB05EF}
		{AC4684B4-F002-4DC4-9424-3345F179FBDA} = {0B79E73C-6174-4303-A02A-4A564DEB05EF}
		{D658D10A-9EF9-482F-98D5-B2119B8FD5A9} = {0B79E73C-6174-4303-A02A-4A564DEB05EF}
	EndGlobalSection
	GlobalSection(ExtensibilityGlobals) = postSolution
		SolutionGuid = {B6CEC83F-6546-4F92-862B-5B5A226B94B0}
	EndGlobalSection
EndGlobal
